
Microsoft Visual Studio Solution File, Format Version 12.00
# Visual Studio Version 17
VisualStudioVersion = 17.2.32616.157
MinimumVisualStudioVersion = 10.0.40219.1
Project("{FAE04EC0-301F-11D3-BF4B-00C04F79EFBC}") = "Lab_2_2", "Lab_2_2.csproj", "{5BB4DE6F-3159-4663-B760-DFB1D50F01A6}"
EndProject
Global
	GlobalSection(SolutionConfigurationPlatforms) = preSolution
		Debug|Any CPU = Debug|Any CPU
		Release|Any CPU = Release|Any CPU
	EndGlobalSection
	GlobalSection(ProjectConfigurationPlatforms) = postSolution
		{5BB4DE6F-3159-4663-B760-DFB1D50F01A6}.Debug|Any CPU.ActiveCfg = Debug|Any CPU
		{5BB4DE6F-3159-4663-B760-DFB1D50F01A6}.Debug|Any CPU.Build.0 = Debug|Any CPU
		{5BB4DE6F-3159-4663-B760-DFB1D50F01A6}.Release|Any CPU.ActiveCfg = Release|Any CPU
		{5BB4DE6F-3159-4663-B760-DFB1D50F01A6}.Release|Any CPU.Build.0 = Release|Any CPU
	EndGlobalSection
	GlobalSection(SolutionProperties) = preSolution
		HideSolutionNode = FALSE
	EndGlobalSection
	GlobalSection(ExtensibilityGlobals) = postSolution
		SolutionGuid = {317895DD-A268-4CDA-809B-05190D76F618}
	EndGlobalSection
EndGlobal
